// !$*UTF8*$!
{
	archiveVersion = 1;
	classes = {
	};
	objectVersion = 46;
	objects = {

/* Begin PBXBuildFile section */
		ADDCA58C1D34645200ACBCCD /* AppDelegate.swift in Sources */ = {isa = PBXBuildFile; fileRef = ADDCA58B1D34645200ACBCCD /* AppDelegate.swift */; };
		ADDCA58E1D34645200ACBCCD /* GameScene.sks in Resources */ = {isa = PBXBuildFile; fileRef = ADDCA58D1D34645200ACBCCD /* GameScene.sks */; };
		ADDCA5901D34645200ACBCCD /* GameScene.swift in Sources */ = {isa = PBXBuildFile; fileRef = ADDCA58F1D34645200ACBCCD /* GameScene.swift */; };
		ADDCA5921D34645200ACBCCD /* GameViewController.swift in Sources */ = {isa = PBXBuildFile; fileRef = ADDCA5911D34645200ACBCCD /* GameViewController.swift */; };
		ADDCA5951D34645200ACBCCD /* Main.storyboard in Resources */ = {isa = PBXBuildFile; fileRef = ADDCA5931D34645200ACBCCD /* Main.storyboard */; };
		ADDCA5971D34645200ACBCCD /* Assets.xcassets in Resources */ = {isa = PBXBuildFile; fileRef = ADDCA5961D34645200ACBCCD /* Assets.xcassets */; };
		ADDCA59A1D34645200ACBCCD /* LaunchScreen.storyboard in Resources */ = {isa = PBXBuildFile; fileRef = ADDCA5981D34645200ACBCCD /* LaunchScreen.storyboard */; };
		ADDCA5A51D34645200ACBCCD /* BlizzardTests.swift in Sources */ = {isa = PBXBuildFile; fileRef = ADDCA5A41D34645200ACBCCD /* BlizzardTests.swift */; };
		ADDCA5B01D34645200ACBCCD /* BlizzardUITests.swift in Sources */ = {isa = PBXBuildFile; fileRef = ADDCA5AF1D34645200ACBCCD /* BlizzardUITests.swift */; };
		ADDCA5BE1D34648700ACBCCD /* Character.swift in Sources */ = {isa = PBXBuildFile; fileRef = ADDCA5BD1D34648700ACBCCD /* Character.swift */; };
/* End PBXBuildFile section */

/* Begin PBXContainerItemProxy section */
		ADDCA5A11D34645200ACBCCD /* PBXContainerItemProxy */ = {
			isa = PBXContainerItemProxy;
			containerPortal = ADDCA5801D34645200ACBCCD /* Project object */;
			proxyType = 1;
			remoteGlobalIDString = ADDCA5871D34645200ACBCCD;
			remoteInfo = Blizzard;
		};
		ADDCA5AC1D34645200ACBCCD /* PBXContainerItemProxy */ = {
			isa = PBXContainerItemProxy;
			containerPortal = ADDCA5801D34645200ACBCCD /* Project object */;
			proxyType = 1;
			remoteGlobalIDString = ADDCA5871D34645200ACBCCD;
			remoteInfo = Blizzard;
		};
/* End PBXContainerItemProxy section */

/* Begin PBXFileReference section */
		ADDCA5881D34645200ACBCCD /* Blizzard.app */ = {isa = PBXFileReference; explicitFileType = wrapper.application; includeInIndex = 0; path = Blizzard.app; sourceTree = BUILT_PRODUCTS_DIR; };
		ADDCA58B1D34645200ACBCCD /* AppDelegate.swift */ = {isa = PBXFileReference; lastKnownFileType = sourcecode.swift; path = AppDelegate.swift; sourceTree = "<group>"; };
		ADDCA58D1D34645200ACBCCD /* GameScene.sks */ = {isa = PBXFileReference; lastKnownFileType = file.sks; path = GameScene.sks; sourceTree = "<group>"; };
		ADDCA58F1D34645200ACBCCD /* GameScene.swift */ = {isa = PBXFileReference; lastKnownFileType = sourcecode.swift; path = GameScene.swift; sourceTree = "<group>"; };
		ADDCA5911D34645200ACBCCD /* GameViewController.swift */ = {isa = PBXFileReference; lastKnownFileType = sourcecode.swift; path = GameViewController.swift; sourceTree = "<group>"; };
		ADDCA5941D34645200ACBCCD /* Base */ = {isa = PBXFileReference; lastKnownFileType = file.storyboard; name = Base; path = Base.lproj/Main.storyboard; sourceTree = "<group>"; };
		ADDCA5961D34645200ACBCCD /* Assets.xcassets */ = {isa = PBXFileReference; lastKnownFileType = folder.assetcatalog; path = Assets.xcassets; sourceTree = "<group>"; };
		ADDCA5991D34645200ACBCCD /* Base */ = {isa = PBXFileReference; lastKnownFileType = file.storyboard; name = Base; path = Base.lproj/LaunchScreen.storyboard; sourceTree = "<group>"; };
		ADDCA59B1D34645200ACBCCD /* Info.plist */ = {isa = PBXFileReference; lastKnownFileType = text.plist.xml; path = Info.plist; sourceTree = "<group>"; };
		ADDCA5A01D34645200ACBCCD /* BlizzardTests.xctest */ = {isa = PBXFileReference; explicitFileType = wrapper.cfbundle; includeInIndex = 0; path = BlizzardTests.xctest; sourceTree = BUILT_PRODUCTS_DIR; };
		ADDCA5A41D34645200ACBCCD /* BlizzardTests.swift */ = {isa = PBXFileReference; lastKnownFileType = sourcecode.swift; path = BlizzardTests.swift; sourceTree = "<group>"; };
		ADDCA5A61D34645200ACBCCD /* Info.plist */ = {isa = PBXFileReference; lastKnownFileType = text.plist.xml; path = Info.plist; sourceTree = "<group>"; };
		ADDCA5AB1D34645200ACBCCD /* BlizzardUITests.xctest */ = {isa = PBXFileReference; explicitFileType = wrapper.cfbundle; includeInIndex = 0; path = BlizzardUITests.xctest; sourceTree = BUILT_PRODUCTS_DIR; };
		ADDCA5AF1D34645200ACBCCD /* BlizzardUITests.swift */ = {isa = PBXFileReference; lastKnownFileType = sourcecode.swift; path = BlizzardUITests.swift; sourceTree = "<group>"; };
		ADDCA5B11D34645200ACBCCD /* Info.plist */ = {isa = PBXFileReference; lastKnownFileType = text.plist.xml; path = Info.plist; sourceTree = "<group>"; };
		ADDCA5BD1D34648700ACBCCD /* Character.swift */ = {isa = PBXFileReference; fileEncoding = 4; lastKnownFileType = sourcecode.swift; path = Character.swift; sourceTree = "<group>"; };
/* End PBXFileReference section */

/* Begin PBXFrameworksBuildPhase section */
		ADDCA5851D34645200ACBCCD /* Frameworks */ = {
			isa = PBXFrameworksBuildPhase;
			buildActionMask = 2147483647;
			files = (
			);
			runOnlyForDeploymentPostprocessing = 0;
		};
		ADDCA59D1D34645200ACBCCD /* Frameworks */ = {
			isa = PBXFrameworksBuildPhase;
			buildActionMask = 2147483647;
			files = (
			);
			runOnlyForDeploymentPostprocessing = 0;
		};
		ADDCA5A81D34645200ACBCCD /* Frameworks */ = {
			isa = PBXFrameworksBuildPhase;
			buildActionMask = 2147483647;
			files = (
			);
			runOnlyForDeploymentPostprocessing = 0;
		};
/* End PBXFrameworksBuildPhase section */

/* Begin PBXGroup section */
		ADDCA57F1D34645200ACBCCD = {
			isa = PBXGroup;
			children = (
				ADDCA58A1D34645200ACBCCD /* Blizzard */,
				ADDCA5A31D34645200ACBCCD /* BlizzardTests */,
				ADDCA5AE1D34645200ACBCCD /* BlizzardUITests */,
				ADDCA5891D34645200ACBCCD /* Products */,
			);
			sourceTree = "<group>";
		};
		ADDCA5891D34645200ACBCCD /* Products */ = {
			isa = PBXGroup;
			children = (
				ADDCA5881D34645200ACBCCD /* Blizzard.app */,
				ADDCA5A01D34645200ACBCCD /* BlizzardTests.xctest */,
				ADDCA5AB1D34645200ACBCCD /* BlizzardUITests.xctest */,
			);
			name = Products;
			sourceTree = "<group>";
		};
		ADDCA58A1D34645200ACBCCD /* Blizzard */ = {
			isa = PBXGroup;
			children = (
				ADDCA58B1D34645200ACBCCD /* AppDelegate.swift */,
				ADDCA58D1D34645200ACBCCD /* GameScene.sks */,
				ADDCA58F1D34645200ACBCCD /* GameScene.swift */,
				ADDCA5911D34645200ACBCCD /* GameViewController.swift */,
				ADDCA5931D34645200ACBCCD /* Main.storyboard */,
				ADDCA5961D34645200ACBCCD /* Assets.xcassets */,
				ADDCA5981D34645200ACBCCD /* LaunchScreen.storyboard */,
				ADDCA59B1D34645200ACBCCD /* Info.plist */,
				ADDCA5BD1D34648700ACBCCD /* Character.swift */,
			);
			path = Blizzard;
			sourceTree = "<group>";
		};
		ADDCA5A31D34645200ACBCCD /* BlizzardTests */ = {
			isa = PBXGroup;
			children = (
				ADDCA5A41D34645200ACBCCD /* BlizzardTests.swift */,
				ADDCA5A61D34645200ACBCCD /* Info.plist */,
			);
			path = BlizzardTests;
			sourceTree = "<group>";
		};
		ADDCA5AE1D34645200ACBCCD /* BlizzardUITests */ = {
			isa = PBXGroup;
			children = (
				ADDCA5AF1D34645200ACBCCD /* BlizzardUITests.swift */,
				ADDCA5B11D34645200ACBCCD /* Info.plist */,
			);
			path = BlizzardUITests;
			sourceTree = "<group>";
		};
/* End PBXGroup section */

/* Begin PBXNativeTarget section */
		ADDCA5871D34645200ACBCCD /* Blizzard */ = {
			isa = PBXNativeTarget;
			buildConfigurationList = ADDCA5B41D34645200ACBCCD /* Build configuration list for PBXNativeTarget "Blizzard" */;
			buildPhases = (
				ADDCA5841D34645200ACBCCD /* Sources */,
				ADDCA5851D34645200ACBCCD /* Frameworks */,
				ADDCA5861D34645200ACBCCD /* Resources */,
			);
			buildRules = (
			);
			dependencies = (
			);
			name = Blizzard;
			productName = Blizzard;
			productReference = ADDCA5881D34645200ACBCCD /* Blizzard.app */;
			productType = "com.apple.product-type.application";
		};
		ADDCA59F1D34645200ACBCCD /* BlizzardTests */ = {
			isa = PBXNativeTarget;
			buildConfigurationList = ADDCA5B71D34645200ACBCCD /* Build configuration list for PBXNativeTarget "BlizzardTests" */;
			buildPhases = (
				ADDCA59C1D34645200ACBCCD /* Sources */,
				ADDCA59D1D34645200ACBCCD /* Frameworks */,
				ADDCA59E1D34645200ACBCCD /* Resources */,
			);
			buildRules = (
			);
			dependencies = (
				ADDCA5A21D34645200ACBCCD /* PBXTargetDependency */,
			);
			name = BlizzardTests;
			productName = BlizzardTests;
			productReference = ADDCA5A01D34645200ACBCCD /* BlizzardTests.xctest */;
			productType = "com.apple.product-type.bundle.unit-test";
		};
		ADDCA5AA1D34645200ACBCCD /* BlizzardUITests */ = {
			isa = PBXNativeTarget;
			buildConfigurationList = ADDCA5BA1D34645200ACBCCD /* Build configuration list for PBXNativeTarget "BlizzardUITests" */;
			buildPhases = (
				ADDCA5A71D34645200ACBCCD /* Sources */,
				ADDCA5A81D34645200ACBCCD /* Frameworks */,
				ADDCA5A91D34645200ACBCCD /* Resources */,
			);
			buildRules = (
			);
			dependencies = (
				ADDCA5AD1D34645200ACBCCD /* PBXTargetDependency */,
			);
			name = BlizzardUITests;
			productName = BlizzardUITests;
			productReference = ADDCA5AB1D34645200ACBCCD /* BlizzardUITests.xctest */;
			productType = "com.apple.product-type.bundle.ui-testing";
		};
/* End PBXNativeTarget section */

/* Begin PBXProject section */
		ADDCA5801D34645200ACBCCD /* Project object */ = {
			isa = PBXProject;
			attributes = {
				LastSwiftUpdateCheck = 0730;
				LastUpgradeCheck = 0730;
				ORGANIZATIONNAME = "Denton Hui";
				TargetAttributes = {
					ADDCA5871D34645200ACBCCD = {
						CreatedOnToolsVersion = 7.3.1;
					};
					ADDCA59F1D34645200ACBCCD = {
						CreatedOnToolsVersion = 7.3.1;
						TestTargetID = ADDCA5871D34645200ACBCCD;
					};
					ADDCA5AA1D34645200ACBCCD = {
						CreatedOnToolsVersion = 7.3.1;
						TestTargetID = ADDCA5871D34645200ACBCCD;
					};
				};
			};
			buildConfigurationList = ADDCA5831D34645200ACBCCD /* Build configuration list for PBXProject "Blizzard" */;
			compatibilityVersion = "Xcode 3.2";
			developmentRegion = English;
			hasScannedForEncodings = 0;
			knownRegions = (
				en,
				Base,
			);
			mainGroup = ADDCA57F1D34645200ACBCCD;
			productRefGroup = ADDCA5891D34645200ACBCCD /* Products */;
			projectDirPath = "";
			projectRoot = "";
			targets = (
				ADDCA5871D34645200ACBCCD /* Blizzard */,
				ADDCA59F1D34645200ACBCCD /* BlizzardTests */,
				ADDCA5AA1D34645200ACBCCD /* BlizzardUITests */,
			);
		};
/* End PBXProject section */

/* Begin PBXResourcesBuildPhase section */
		ADDCA5861D34645200ACBCCD /* Resources */ = {
			isa = PBXResourcesBuildPhase;
			buildActionMask = 2147483647;
			files = (
				ADDCA58E1D34645200ACBCCD /* GameScene.sks in Resources */,
				ADDCA59A1D34645200ACBCCD /* LaunchScreen.storyboard in Resources */,
				ADDCA5971D34645200ACBCCD /* Assets.xcassets in Resources */,
				ADDCA5951D34645200ACBCCD /* Main.storyboard in Resources */,
			);
			runOnlyForDeploymentPostprocessing = 0;
		};
		ADDCA59E1D34645200ACBCCD /* Resources */ = {
			isa = PBXResourcesBuildPhase;
			buildActionMask = 2147483647;
			files = (
			);
			runOnlyForDeploymentPostprocessing = 0;
		};
		ADDCA5A91D34645200ACBCCD /* Resources */ = {
			isa = PBXResourcesBuildPhase;
			buildActionMask = 2147483647;
			files = (
			);
			runOnlyForDeploymentPostprocessing = 0;
		};
/* End PBXResourcesBuildPhase section */

/* Begin PBXSourcesBuildPhase section */
		ADDCA5841D34645200ACBCCD /* Sources */ = {
			isa = PBXSourcesBuildPhase;
			buildActionMask = 2147483647;
			files = (
				ADDCA5901D34645200ACBCCD /* GameScene.swift in Sources */,
				ADDCA5921D34645200ACBCCD /* GameViewController.swift in Sources */,
				ADDCA58C1D34645200ACBCCD /* AppDelegate.swift in Sources */,
				ADDCA5BE1D34648700ACBCCD /* Character.swift in Sources */,
			);
			runOnlyForDeploymentPostprocessing = 0;
		};
		ADDCA59C1D34645200ACBCCD /* Sources */ = {
			isa = PBXSourcesBuildPhase;
			buildActionMask = 2147483647;
			files = (
				ADDCA5A51D34645200ACBCCD /* BlizzardTests.swift in Sources */,
			);
			runOnlyForDeploymentPostprocessing = 0;
		};
		ADDCA5A71D34645200ACBCCD /* Sources */ = {
			isa = PBXSourcesBuildPhase;
			buildActionMask = 2147483647;
			files = (
				ADDCA5B01D34645200ACBCCD /* BlizzardUITests.swift in Sources */,
			);
			runOnlyForDeploymentPostprocessing = 0;
		};
/* End PBXSourcesBuildPhase section */

/* Begin PBXTargetDependency section */
		ADDCA5A21D34645200ACBCCD /* PBXTargetDependency */ = {
			isa = PBXTargetDependency;
			target = ADDCA5871D34645200ACBCCD /* Blizzard */;
			targetProxy = ADDCA5A11D34645200ACBCCD /* PBXContainerItemProxy */;
		};
		ADDCA5AD1D34645200ACBCCD /* PBXTargetDependency */ = {
			isa = PBXTargetDependency;
			target = ADDCA5871D34645200ACBCCD /* Blizzard */;
			targetProxy = ADDCA5AC1D34645200ACBCCD /* PBXContainerItemProxy */;
		};
/* End PBXTargetDependency section */

/* Begin PBXVariantGroup section */
		ADDCA5931D34645200ACBCCD /* Main.storyboard */ = {
			isa = PBXVariantGroup;
			children = (
				ADDCA5941D34645200ACBCCD /* Base */,
			);
			name = Main.storyboard;
			sourceTree = "<group>";
		};
		ADDCA5981D34645200ACBCCD /* LaunchScreen.storyboard */ = {
			isa = PBXVariantGroup;
			children = (
				ADDCA5991D34645200ACBCCD /* Base */,
			);
			name = LaunchScreen.storyboard;
			sourceTree = "<group>";
		};
/* End PBXVariantGroup section */

/* Begin XCBuildConfiguration section */
		ADDCA5B21D34645200ACBCCD /* Debug */ = {
			isa = XCBuildConfiguration;
			buildSettings = {
				ALWAYS_SEARCH_USER_PATHS = NO;
				CLANG_ANALYZER_NONNULL = YES;
				CLANG_CXX_LANGUAGE_STANDARD = "gnu++0x";
				CLANG_CXX_LIBRARY = "libc++";
				CLANG_ENABLE_MODULES = YES;
				CLANG_ENABLE_OBJC_ARC = YES;
				CLANG_WARN_BOOL_CONVERSION = YES;
				CLANG_WARN_CONSTANT_CONVERSION = YES;
				CLANG_WARN_DIRECT_OBJC_ISA_USAGE = YES_ERROR;
				CLANG_WARN_EMPTY_BODY = YES;
				CLANG_WARN_ENUM_CONVERSION = YES;
				CLANG_WARN_INT_CONVERSION = YES;
				CLANG_WARN_OBJC_ROOT_CLASS = YES_ERROR;
				CLANG_WARN_UNREACHABLE_CODE = YES;
				CLANG_WARN__DUPLICATE_METHOD_MATCH = YES;
				"CODE_SIGN_IDENTITY[sdk=iphoneos*]" = "iPhone Developer";
				COPY_PHASE_STRIP = NO;
				DEBUG_INFORMATION_FORMAT = "dwarf-with-dsym";
				ENABLE_STRICT_OBJC_MSGSEND = YES;
				ENABLE_TESTABILITY = YES;
				GCC_C_LANGUAGE_STANDARD = gnu99;
				GCC_DYNAMIC_NO_PIC = NO;
				GCC_NO_COMMON_BLOCKS = YES;
				GCC_OPTIMIZATION_LEVEL = 0;
				GCC_PREPROCESSOR_DEFINITIONS = (
					"DEBUG=1",
					"$(inherited)",
				);
				GCC_WARN_64_TO_32_BIT_CONVERSION = YES;
				GCC_WARN_ABOUT_RETURN_TYPE = YES_ERROR;
				GCC_WARN_UNDECLARED_SELECTOR = YES;
				GCC_WARN_UNINITIALIZED_AUTOS = YES_AGGRESSIVE;
				GCC_WARN_UNUSED_FUNCTION = YES;
				GCC_WARN_UNUSED_VARIABLE = YES;
				IPHONEOS_DEPLOYMENT_TARGET = 9.3;
				MTL_ENABLE_DEBUG_INFO = YES;
				ONLY_ACTIVE_ARCH = YES;
				SDKROOT = iphoneos;
				SWIFT_OPTIMIZATION_LEVEL = "-Onone";
				TARGETED_DEVICE_FAMILY = "1,2";
			};
			name = Debug;
		};
		ADDCA5B31D34645200ACBCCD /* Release */ = {
			isa = XCBuildConfiguration;
			buildSettings = {
				ALWAYS_SEARCH_USER_PATHS = NO;
				CLANG_ANALYZER_NONNULL = YES;
				CLANG_CXX_LANGUAGE_STANDARD = "gnu++0x";
				CLANG_CXX_LIBRARY = "libc++";
				CLANG_ENABLE_MODULES = YES;
				CLANG_ENABLE_OBJC_ARC = YES;
				CLANG_WARN_BOOL_CONVERSION = YES;
				CLANG_WARN_CONSTANT_CONVERSION = YES;
				CLANG_WARN_DIRECT_OBJC_ISA_USAGE = YES_ERROR;
				CLANG_WARN_EMPTY_BODY = YES;
				CLANG_WARN_ENUM_CONVERSION = YES;
				CLANG_WARN_INT_CONVERSION = YES;
				CLANG_WARN_OBJC_ROOT_CLASS = YES_ERROR;
				CLANG_WARN_UNREACHABLE_CODE = YES;
				CLANG_WARN__DUPLICATE_METHOD_MATCH = YES;
				"CODE_SIGN_IDENTITY[sdk=iphoneos*]" = "iPhone Developer";
				COPY_PHASE_STRIP = NO;
				DEBUG_INFORMATION_FORMAT = "dwarf-with-dsym";
				ENABLE_NS_ASSERTIONS = NO;
				ENABLE_STRICT_OBJC_MSGSEND = YES;
				GCC_C_LANGUAGE_STANDARD = gnu99;
				GCC_NO_COMMON_BLOCKS = YES;
				GCC_WARN_64_TO_32_BIT_CONVERSION = YES;
				GCC_WARN_ABOUT_RETURN_TYPE = YES_ERROR;
				GCC_WARN_UNDECLARED_SELECTOR = YES;
				GCC_WARN_UNINITIALIZED_AUTOS = YES_AGGRESSIVE;
				GCC_WARN_UNUSED_FUNCTION = YES;
				GCC_WARN_UNUSED_VARIABLE = YES;
				IPHONEOS_DEPLOYMENT_TARGET = 9.3;
				MTL_ENABLE_DEBUG_INFO = NO;
				SDKROOT = iphoneos;
				TARGETED_DEVICE_FAMILY = "1,2";
				VALIDATE_PRODUCT = YES;
			};
			name = Release;
		};
		ADDCA5B51D34645200ACBCCD /* Debug */ = {
			isa = XCBuildConfiguration;
			buildSettings = {
				ASSETCATALOG_COMPILER_APPICON_NAME = AppIcon;
				INFOPLIST_FILE = Blizzard/Info.plist;
				LD_RUNPATH_SEARCH_PATHS = "$(inherited) @executable_path/Frameworks";
				PRODUCT_BUNDLE_IDENTIFIER = com.makeschool.Blizzard;
				PRODUCT_NAME = "$(TARGET_NAME)";
			};
			name = Debug;
		};
		ADDCA5B61D34645200ACBCCD /* Release */ = {
			isa = XCBuildConfiguration;
			buildSettings = {
				ASSETCATALOG_COMPILER_APPICON_NAME = AppIcon;
				INFOPLIST_FILE = Blizzard/Info.plist;
				LD_RUNPATH_SEARCH_PATHS = "$(inherited) @executable_path/Frameworks";
				PRODUCT_BUNDLE_IDENTIFIER = com.makeschool.Blizzard;
				PRODUCT_NAME = "$(TARGET_NAME)";
			};
			name = Release;
		};
		ADDCA5B81D34645200ACBCCD /* Debug */ = {
			isa = XCBuildConfiguration;
			buildSettings = {
				BUNDLE_LOADER = "$(TEST_HOST)";
				DEBUG_INFORMATION_FORMAT = dwarf;
				INFOPLIST_FILE = BlizzardTests/Info.plist;
				LD_RUNPATH_SEARCH_PATHS = "$(inherited) @executable_path/Frameworks @loader_path/Frameworks";
				PRODUCT_BUNDLE_IDENTIFIER = com.makeschool.BlizzardTests;
				PRODUCT_NAME = "$(TARGET_NAME)";
				TEST_HOST = "$(BUILT_PRODUCTS_DIR)/Blizzard.app/Blizzard";
			};
			name = Debug;
		};
		ADDCA5B91D34645200ACBCCD /* Release */ = {
			isa = XCBuildConfiguration;
			buildSettings = {
				BUNDLE_LOADER = "$(TEST_HOST)";
				INFOPLIST_FILE = BlizzardTests/Info.plist;
				LD_RUNPATH_SEARCH_PATHS = "$(inherited) @executable_path/Frameworks @loader_path/Frameworks";
				PRODUCT_BUNDLE_IDENTIFIER = com.makeschool.BlizzardTests;
				PRODUCT_NAME = "$(TARGET_NAME)";
				TEST_HOST = "$(BUILT_PRODUCTS_DIR)/Blizzard.app/Blizzard";
			};
			name = Release;
		};
		ADDCA5BB1D34645200ACBCCD /* Debug */ = {
			isa = XCBuildConfiguration;
			buildSettings = {
				DEBUG_INFORMATION_FORMAT = dwarf;
				INFOPLIST_FILE = BlizzardUITests/Info.plist;
				LD_RUNPATH_SEARCH_PATHS = "$(inherited) @executable_path/Frameworks @loader_path/Frameworks";
				PRODUCT_BUNDLE_IDENTIFIER = com.makeschool.BlizzardUITests;
				PRODUCT_NAME = "$(TARGET_NAME)";
				TEST_TARGET_NAME = Blizzard;
			};
			name = Debug;
		};
		ADDCA5BC1D34645200ACBCCD /* Release */ = {
			isa = XCBuildConfiguration;
			buildSettings = {
				INFOPLIST_FILE = BlizzardUITests/Info.plist;
				LD_RUNPATH_SEARCH_PATHS = "$(inherited) @executable_path/Frameworks @loader_path/Frameworks";
				PRODUCT_BUNDLE_IDENTIFIER = com.makeschool.BlizzardUITests;
				PRODUCT_NAME = "$(TARGET_NAME)";
				TEST_TARGET_NAME = Blizzard;
			};
			name = Release;
		};
/* End XCBuildConfiguration section */

/* Begin XCConfigurationList section */
		ADDCA5831D34645200ACBCCD /* Build configuration list for PBXProject "Blizzard" */ = {
			isa = XCConfigurationList;
			buildConfigurations = (
				ADDCA5B21D34645200ACBCCD /* Debug */,
				ADDCA5B31D34645200ACBCCD /* Release */,
			);
			defaultConfigurationIsVisible = 0;
			defaultConfigurationName = Release;
		};
		ADDCA5B41D34645200ACBCCD /* Build configuration list for PBXNativeTarget "Blizzard" */ = {
			isa = XCConfigurationList;
			buildConfigurations = (
				ADDCA5B51D34645200ACBCCD /* Debug */,
				ADDCA5B61D34645200ACBCCD /* Release */,
			);
			defaultConfigurationIsVisible = 0;
		};
		ADDCA5B71D34645200ACBCCD /* Build configuration list for PBXNativeTarget "BlizzardTests" */ = {
			isa = XCConfigurationList;
			buildConfigurations = (
				ADDCA5B81D34645200ACBCCD /* Debug */,
				ADDCA5B91D34645200ACBCCD /* Release */,
			);
			defaultConfigurationIsVisible = 0;
		};
		ADDCA5BA1D34645200ACBCCD /* Build configuration list for PBXNativeTarget "BlizzardUITests" */ = {
			isa = XCConfigurationList;
			buildConfigurations = (
				ADDCA5BB1D34645200ACBCCD /* Debug */,
				ADDCA5BC1D34645200ACBCCD /* Release */,
			);
			defaultConfigurationIsVisible = 0;
		};
/* End XCConfigurationList section */
	};
	rootObject = ADDCA5801D34645200ACBCCD /* Project object */;
}
